{
  "name": "ai-microservice",
  "lockfileVersion": 2,
  "requires": true,
  "packages": {
    "": {
      "dependencies": {
        "@pinecone-database/pinecone": "^5.1.1"
      }
    },
    "node_modules/@pinecone-database/pinecone": {
      "version": "5.1.1",
      "resolved": "https://registry.npmjs.org/@pinecone-database/pinecone/-/pinecone-5.1.1.tgz",
      "integrity": "sha512-2JwnY28qb2AQi3fLlBfiXhV6e4ZEF0/0HNLdoFWoSPcty6Eu7+354M8mo/Hj0Hi7y3TCDkSCXq2dgmbcDSmCFQ==",
      "engines": {
        "node": ">=18.0.0"
      }
    }
  },
  "dependencies": {
    "@pinecone-database/pinecone": {
      "version": "5.1.1",
      "resolved": "https://registry.npmjs.org/@pinecone-database/pinecone/-/pinecone-5.1.1.tgz",
      "integrity": "sha512-2JwnY28qb2AQi3fLlBfiXhV6e4ZEF0/0HNLdoFWoSPcty6Eu7+354M8mo/Hj0Hi7y3TCDkSCXq2dgmbcDSmCFQ=="
    }
  }
}
